// !$*UTF8*$!
{
	archiveVersion = 1;
	classes = {
	};
	objectVersion = 50;
	objects = {

/* Begin PBXBuildFile section */
		D27BA30921BCCC36006C9D92 /* ImageArrayExtensions.swift in Sources */ = {isa = PBXBuildFile; fileRef = D27BA30821BCCC36006C9D92 /* ImageArrayExtensions.swift */; };
		D28F352821B2264C007CFF9C /* main.swift in Sources */ = {isa = PBXBuildFile; fileRef = D28F352721B2264C007CFF9C /* main.swift */; };
		D28F353121B227B4007CFF9C /* CGContextExtensions.swift in Sources */ = {isa = PBXBuildFile; fileRef = D28F352E21B227B3007CFF9C /* CGContextExtensions.swift */; };
		D28F353221B227B4007CFF9C /* CGColorExtensions.swift in Sources */ = {isa = PBXBuildFile; fileRef = D28F352F21B227B3007CFF9C /* CGColorExtensions.swift */; };
		D28F353321B227B4007CFF9C /* Image.swift in Sources */ = {isa = PBXBuildFile; fileRef = D28F353021B227B3007CFF9C /* Image.swift */; };
		D28F353521B227CF007CFF9C /* Plant.swift in Sources */ = {isa = PBXBuildFile; fileRef = D28F353421B227CF007CFF9C /* Plant.swift */; };
		D28F353721B483F2007CFF9C /* Turtle.swift in Sources */ = {isa = PBXBuildFile; fileRef = D28F353621B483F2007CFF9C /* Turtle.swift */; };
		D28F353921B4DE52007CFF9C /* Limit.swift in Sources */ = {isa = PBXBuildFile; fileRef = D28F353821B4DE52007CFF9C /* Limit.swift */; };
		D28F353B21B4DE84007CFF9C /* Rules.swift in Sources */ = {isa = PBXBuildFile; fileRef = D28F353A21B4DE84007CFF9C /* Rules.swift */; };
/* End PBXBuildFile section */

/* Begin PBXCopyFilesBuildPhase section */
		D28F352221B2264C007CFF9C /* CopyFiles */ = {
			isa = PBXCopyFilesBuildPhase;
			buildActionMask = 2147483647;
			dstPath = /usr/share/man/man1/;
			dstSubfolderSpec = 0;
			files = (
			);
			runOnlyForDeploymentPostprocessing = 1;
		};
/* End PBXCopyFilesBuildPhase section */

/* Begin PBXFileReference section */
		D27BA30821BCCC36006C9D92 /* ImageArrayExtensions.swift */ = {isa = PBXFileReference; lastKnownFileType = sourcecode.swift; path = ImageArrayExtensions.swift; sourceTree = "<group>"; };
		D28F352421B2264C007CFF9C /* Plant */ = {isa = PBXFileReference; explicitFileType = "compiled.mach-o.executable"; includeInIndex = 0; path = Plant; sourceTree = BUILT_PRODUCTS_DIR; };
		D28F352721B2264C007CFF9C /* main.swift */ = {isa = PBXFileReference; lastKnownFileType = sourcecode.swift; path = main.swift; sourceTree = "<group>"; };
		D28F352E21B227B3007CFF9C /* CGContextExtensions.swift */ = {isa = PBXFileReference; lastKnownFileType = sourcecode.swift; path = CGContextExtensions.swift; sourceTree = "<group>"; };
		D28F352F21B227B3007CFF9C /* CGColorExtensions.swift */ = {isa = PBXFileReference; lastKnownFileType = sourcecode.swift; path = CGColorExtensions.swift; sourceTree = "<group>"; };
		D28F353021B227B3007CFF9C /* Image.swift */ = {isa = PBXFileReference; lastKnownFileType = sourcecode.swift; path = Image.swift; sourceTree = "<group>"; };
		D28F353421B227CF007CFF9C /* Plant.swift */ = {isa = PBXFileReference; lastKnownFileType = sourcecode.swift; path = Plant.swift; sourceTree = "<group>"; };
		D28F353621B483F2007CFF9C /* Turtle.swift */ = {isa = PBXFileReference; lastKnownFileType = sourcecode.swift; path = Turtle.swift; sourceTree = "<group>"; };
		D28F353821B4DE52007CFF9C /* Limit.swift */ = {isa = PBXFileReference; lastKnownFileType = sourcecode.swift; path = Limit.swift; sourceTree = "<group>"; };
		D28F353A21B4DE84007CFF9C /* Rules.swift */ = {isa = PBXFileReference; lastKnownFileType = sourcecode.swift; path = Rules.swift; sourceTree = "<group>"; };
/* End PBXFileReference section */

/* Begin PBXFrameworksBuildPhase section */
		D28F352121B2264C007CFF9C /* Frameworks */ = {
			isa = PBXFrameworksBuildPhase;
			buildActionMask = 2147483647;
			files = (
			);
			runOnlyForDeploymentPostprocessing = 0;
		};
/* End PBXFrameworksBuildPhase section */

/* Begin PBXGroup section */
		D28F351B21B2264C007CFF9C = {
			isa = PBXGroup;
			children = (
				D28F352621B2264C007CFF9C /* Plant */,
				D28F352521B2264C007CFF9C /* Products */,
			);
			sourceTree = "<group>";
		};
		D28F352521B2264C007CFF9C /* Products */ = {
			isa = PBXGroup;
			children = (
				D28F352421B2264C007CFF9C /* Plant */,
			);
			name = Products;
			sourceTree = "<group>";
		};
		D28F352621B2264C007CFF9C /* Plant */ = {
			isa = PBXGroup;
			children = (
				D28F352721B2264C007CFF9C /* main.swift */,
				D28F353421B227CF007CFF9C /* Plant.swift */,
				D28F353621B483F2007CFF9C /* Turtle.swift */,
				D28F353821B4DE52007CFF9C /* Limit.swift */,
				D28F353A21B4DE84007CFF9C /* Rules.swift */,
				D27BA30821BCCC36006C9D92 /* ImageArrayExtensions.swift */,
				D28F352F21B227B3007CFF9C /* CGColorExtensions.swift */,
				D28F352E21B227B3007CFF9C /* CGContextExtensions.swift */,
				D28F353021B227B3007CFF9C /* Image.swift */,
			);
			path = Plant;
			sourceTree = "<group>";
		};
/* End PBXGroup section */

/* Begin PBXNativeTarget section */
		D28F352321B2264C007CFF9C /* Plant */ = {
			isa = PBXNativeTarget;
			buildConfigurationList = D28F352B21B2264C007CFF9C /* Build configuration list for PBXNativeTarget "Plant" */;
			buildPhases = (
				D28F352021B2264C007CFF9C /* Sources */,
				D28F352121B2264C007CFF9C /* Frameworks */,
				D28F352221B2264C007CFF9C /* CopyFiles */,
			);
			buildRules = (
			);
			dependencies = (
			);
			name = Plant;
			productName = Plant;
			productReference = D28F352421B2264C007CFF9C /* Plant */;
			productType = "com.apple.product-type.tool";
		};
/* End PBXNativeTarget section */

/* Begin PBXProject section */
		D28F351C21B2264C007CFF9C /* Project object */ = {
			isa = PBXProject;
			attributes = {
				LastSwiftUpdateCheck = 1010;
				LastUpgradeCheck = 1010;
				ORGANIZATIONNAME = "Scott Tury";
				TargetAttributes = {
					D28F352321B2264C007CFF9C = {
						CreatedOnToolsVersion = 10.1;
						LastSwiftMigration = 1020;
					};
				};
			};
			buildConfigurationList = D28F351F21B2264C007CFF9C /* Build configuration list for PBXProject "Plant" */;
			compatibilityVersion = "Xcode 9.3";
			developmentRegion = en;
			hasScannedForEncodings = 0;
			knownRegions = (
				en,
				Base,
			);
			mainGroup = D28F351B21B2264C007CFF9C;
			productRefGroup = D28F352521B2264C007CFF9C /* Products */;
			projectDirPath = "";
			projectRoot = "";
			targets = (
				D28F352321B2264C007CFF9C /* Plant */,
			);
		};
/* End PBXProject section */

/* Begin PBXSourcesBuildPhase section */
		D28F352021B2264C007CFF9C /* Sources */ = {
			isa = PBXSourcesBuildPhase;
			buildActionMask = 2147483647;
			files = (
				D28F352821B2264C007CFF9C /* main.swift in Sources */,
				D28F353B21B4DE84007CFF9C /* Rules.swift in Sources */,
				D28F353321B227B4007CFF9C /* Image.swift in Sources */,
				D28F353521B227CF007CFF9C /* Plant.swift in Sources */,
				D28F353221B227B4007CFF9C /* CGColorExtensions.swift in Sources */,
				D28F353121B227B4007CFF9C /* CGContextExtensions.swift in Sources */,
				D28F353921B4DE52007CFF9C /* Limit.swift in Sources */,
				D27BA30921BCCC36006C9D92 /* ImageArrayExtensions.swift in Sources */,
				D28F353721B483F2007CFF9C /* Turtle.swift in Sources */,
			);
			runOnlyForDeploymentPostprocessing = 0;
		};
/* End PBXSourcesBuildPhase section */

/* Begin XCBuildConfiguration section */
		D28F352921B2264C007CFF9C /* Debug */ = {
			isa = XCBuildConfiguration;
			buildSettings = {
				ALWAYS_SEARCH_USER_PATHS = NO;
				CLANG_ANALYZER_NONNULL = YES;
				CLANG_ANALYZER_NUMBER_OBJECT_CONVERSION = YES_AGGRESSIVE;
				CLANG_CXX_LANGUAGE_STANDARD = "gnu++14";
				CLANG_CXX_LIBRARY = "libc++";
				CLANG_ENABLE_MODULES = YES;
				CLANG_ENABLE_OBJC_ARC = YES;
				CLANG_ENABLE_OBJC_WEAK = YES;
				CLANG_WARN_BLOCK_CAPTURE_AUTORELEASING = YES;
				CLANG_WARN_BOOL_CONVERSION = YES;
				CLANG_WARN_COMMA = YES;
				CLANG_WARN_CONSTANT_CONVERSION = YES;
				CLANG_WARN_DEPRECATED_OBJC_IMPLEMENTATIONS = YES;
				CLANG_WARN_DIRECT_OBJC_ISA_USAGE = YES_ERROR;
				CLANG_WARN_DOCUMENTATION_COMMENTS = YES;
				CLANG_WARN_EMPTY_BODY = YES;
				CLANG_WARN_ENUM_CONVERSION = YES;
				CLANG_WARN_INFINITE_RECURSION = YES;
				CLANG_WARN_INT_CONVERSION = YES;
				CLANG_WARN_NON_LITERAL_NULL_CONVERSION = YES;
				CLANG_WARN_OBJC_IMPLICIT_RETAIN_SELF = YES;
				CLANG_WARN_OBJC_LITERAL_CONVERSION = YES;
				CLANG_WARN_OBJC_ROOT_CLASS = YES_ERROR;
				CLANG_WARN_RANGE_LOOP_ANALYSIS = YES;
				CLANG_WARN_STRICT_PROTOTYPES = YES;
				CLANG_WARN_SUSPICIOUS_MOVE = YES;
				CLANG_WARN_UNGUARDED_AVAILABILITY = YES_AGGRESSIVE;
				CLANG_WARN_UNREACHABLE_CODE = YES;
				CLANG_WARN__DUPLICATE_METHOD_MATCH = YES;
				CODE_SIGN_IDENTITY = "-";
				COPY_PHASE_STRIP = NO;
				DEBUG_INFORMATION_FORMAT = dwarf;
				ENABLE_STRICT_OBJC_MSGSEND = YES;
				ENABLE_TESTABILITY = YES;
				GCC_C_LANGUAGE_STANDARD = gnu11;
				GCC_DYNAMIC_NO_PIC = NO;
				GCC_NO_COMMON_BLOCKS = YES;
				GCC_OPTIMIZATION_LEVEL = 0;
				GCC_PREPROCESSOR_DEFINITIONS = (
					"DEBUG=1",
					"$(inherited)",
				);
				GCC_WARN_64_TO_32_BIT_CONVERSION = YES;
				GCC_WARN_ABOUT_RETURN_TYPE = YES_ERROR;
				GCC_WARN_UNDECLARED_SELECTOR = YES;
				GCC_WARN_UNINITIALIZED_AUTOS = YES_AGGRESSIVE;
				GCC_WARN_UNUSED_FUNCTION = YES;
				GCC_WARN_UNUSED_VARIABLE = YES;
				MACOSX_DEPLOYMENT_TARGET = 10.14;
				MTL_ENABLE_DEBUG_INFO = INCLUDE_SOURCE;
				MTL_FAST_MATH = YES;
				ONLY_ACTIVE_ARCH = YES;
				SDKROOT = macosx;
				SWIFT_ACTIVE_COMPILATION_CONDITIONS = DEBUG;
				SWIFT_OPTIMIZATION_LEVEL = "-Onone";
			};
			name = Debug;
		};
		D28F352A21B2264C007CFF9C /* Release */ = {
			isa = XCBuildConfiguration;
			buildSettings = {
				ALWAYS_SEARCH_USER_PATHS = NO;
				CLANG_ANALYZER_NONNULL = YES;
				CLANG_ANALYZER_NUMBER_OBJECT_CONVERSION = YES_AGGRESSIVE;
				CLANG_CXX_LANGUAGE_STANDARD = "gnu++14";
				CLANG_CXX_LIBRARY = "libc++";
				CLANG_ENABLE_MODULES = YES;
				CLANG_ENABLE_OBJC_ARC = YES;
				CLANG_ENABLE_OBJC_WEAK = YES;
				CLANG_WARN_BLOCK_CAPTURE_AUTORELEASING = YES;
				CLANG_WARN_BOOL_CONVERSION = YES;
				CLANG_WARN_COMMA = YES;
				CLANG_WARN_CONSTANT_CONVERSION = YES;
				CLANG_WARN_DEPRECATED_OBJC_IMPLEMENTATIONS = YES;
				CLANG_WARN_DIRECT_OBJC_ISA_USAGE = YES_ERROR;
				CLANG_WARN_DOCUMENTATION_COMMENTS = YES;
				CLANG_WARN_EMPTY_BODY = YES;
				CLANG_WARN_ENUM_CONVERSION = YES;
				CLANG_WARN_INFINITE_RECURSION = YES;
				CLANG_WARN_INT_CONVERSION = YES;
				CLANG_WARN_NON_LITERAL_NULL_CONVERSION = YES;
				CLANG_WARN_OBJC_IMPLICIT_RETAIN_SELF = YES;
				CLANG_WARN_OBJC_LITERAL_CONVERSION = YES;
				CLANG_WARN_OBJC_ROOT_CLASS = YES_ERROR;
				CLANG_WARN_RANGE_LOOP_ANALYSIS = YES;
				CLANG_WARN_STRICT_PROTOTYPES = YES;
				CLANG_WARN_SUSPICIOUS_MOVE = YES;
				CLANG_WARN_UNGUARDED_AVAILABILITY = YES_AGGRESSIVE;
				CLANG_WARN_UNREACHABLE_CODE = YES;
				CLANG_WARN__DUPLICATE_METHOD_MATCH = YES;
				CODE_SIGN_IDENTITY = "-";
				COPY_PHASE_STRIP = NO;
				DEBUG_INFORMATION_FORMAT = "dwarf-with-dsym";
				ENABLE_NS_ASSERTIONS = NO;
				ENABLE_STRICT_OBJC_MSGSEND = YES;
				GCC_C_LANGUAGE_STANDARD = gnu11;
				GCC_NO_COMMON_BLOCKS = YES;
				GCC_WARN_64_TO_32_BIT_CONVERSION = YES;
				GCC_WARN_ABOUT_RETURN_TYPE = YES_ERROR;
				GCC_WARN_UNDECLARED_SELECTOR = YES;
				GCC_WARN_UNINITIALIZED_AUTOS = YES_AGGRESSIVE;
				GCC_WARN_UNUSED_FUNCTION = YES;
				GCC_WARN_UNUSED_VARIABLE = YES;
				MACOSX_DEPLOYMENT_TARGET = 10.14;
				MTL_ENABLE_DEBUG_INFO = NO;
				MTL_FAST_MATH = YES;
				SDKROOT = macosx;
				SWIFT_COMPILATION_MODE = wholemodule;
				SWIFT_OPTIMIZATION_LEVEL = "-O";
			};
			name = Release;
		};
		D28F352C21B2264C007CFF9C /* Debug */ = {
			isa = XCBuildConfiguration;
			buildSettings = {
				CODE_SIGN_STYLE = Automatic;
				PRODUCT_NAME = "$(TARGET_NAME)";
				SWIFT_VERSION = 5.0;
			};
			name = Debug;
		};
		D28F352D21B2264C007CFF9C /* Release */ = {
			isa = XCBuildConfiguration;
			buildSettings = {
				CODE_SIGN_STYLE = Automatic;
				PRODUCT_NAME = "$(TARGET_NAME)";
				SWIFT_VERSION = 5.0;
			};
			name = Release;
		};
/* End XCBuildConfiguration section */

/* Begin XCConfigurationList section */
		D28F351F21B2264C007CFF9C /* Build configuration list for PBXProject "Plant" */ = {
			isa = XCConfigurationList;
			buildConfigurations = (
				D28F352921B2264C007CFF9C /* Debug */,
				D28F352A21B2264C007CFF9C /* Release */,
			);
			defaultConfigurationIsVisible = 0;
			defaultConfigurationName = Release;
		};
		D28F352B21B2264C007CFF9C /* Build configuration list for PBXNativeTarget "Plant" */ = {
			isa = XCConfigurationList;
			buildConfigurations = (
				D28F352C21B2264C007CFF9C /* Debug */,
				D28F352D21B2264C007CFF9C /* Release */,
			);
			defaultConfigurationIsVisible = 0;
			defaultConfigurationName = Release;
		};
/* End XCConfigurationList section */
	};
	rootObject = D28F351C21B2264C007CFF9C /* Project object */;
}
